{
  "name": "aether-engine",
  "version": "1.0.0",
  "lockfileVersion": 3,
  "requires": true,
  "packages": {
    "": {
      "name": "aether-engine",
      "version": "1.0.0",
      "license": "UNLICENSED",
      "devDependencies": {
        "typescript": "^5.4.5",
        "vite": "^5.2.11"
      }
    }
  }
}
